github.com/goccy/go-json v0.10.6 h1:p8HrPJzOakx/mn/bQtjgNjdTcN+/S6FcG2CTtQOrHVU=
github.com/goccy/go-json v0.10.6/go.mod h1:oq7eo15ShAhp70Anwd5lgX2pLfOS3QCiwU/PULtXL6M=
go.loglayer.dev/transports/testing/v2 v2.0.1 h1:+xjONuRjjP2Z+CNa+wzfwoTCAn0VexRtd/d48DHCb/Q=
go.loglayer.dev/transports/testing/v2 v2.0.1/go.mod h1:12kl35hwKAZctpUrkGiV67O2ZF41Drh21Rhad4lul6M=
go.loglayer.dev/v2 v2.0.1 h1:B7oYpkfMky0UG/N8IdKeIiiTi6h7eyj5NvRyEth9DHI=
go.loglayer.dev/v2 v2.0.1/go.mod h1:+BWhs5AyICvCLBz07qHnCE12W34tArUWfXOba0Ct/QI=
go.uber.org/goleak v1.3.0 h1:2K3zAYmnTNqV73imy9J1T3WC+gmCePx2hEGkimedGto=
go.uber.org/goleak v1.3.0/go.mod h1:CoHD4mav9JJNrW/WLlf7HGZPjdw8EucARQHekz1X6bE=
