github.com/goccy/go-json v0.10.6 h1:p8HrPJzOakx/mn/bQtjgNjdTcN+/S6FcG2CTtQOrHVU=
github.com/goccy/go-json v0.10.6/go.mod h1:oq7eo15ShAhp70Anwd5lgX2pLfOS3QCiwU/PULtXL6M=
go.loglayer.dev/v2 v2.1.0 h1:jtVUg225o0K/7TCW5ob9OzjQLeRZxlNEIj8XbZOFjmY=
go.loglayer.dev/v2 v2.1.0/go.mod h1:+BWhs5AyICvCLBz07qHnCE12W34tArUWfXOba0Ct/QI=
go.uber.org/goleak v1.3.0 h1:2K3zAYmnTNqV73imy9J1T3WC+gmCePx2hEGkimedGto=
go.uber.org/goleak v1.3.0/go.mod h1:CoHD4mav9JJNrW/WLlf7HGZPjdw8EucARQHekz1X6bE=
